// !$*UTF8*$!
{
	archiveVersion = 1;
	classes = {
	};
	objectVersion = 55;
	objects = {

/* Begin PBXBuildFile section */
		790EE3ED48E7B2E80A5EB7AE /* Pods_XYZLeanCloudOCKit.framework in Frameworks */ = {isa = PBXBuildFile; fileRef = 8A5C0DEF7E9FA0BA722A9F99 /* Pods_XYZLeanCloudOCKit.framework */; };
		D6F67DFB2A053ED900C8F5DB /* AppDelegate.swift in Sources */ = {isa = PBXBuildFile; fileRef = D6F67DFA2A053ED900C8F5DB /* AppDelegate.swift */; };
		D6F67DFD2A053ED900C8F5DB /* SceneDelegate.swift in Sources */ = {isa = PBXBuildFile; fileRef = D6F67DFC2A053ED900C8F5DB /* SceneDelegate.swift */; };
		D6F67DFF2A053ED900C8F5DB /* ViewController.swift in Sources */ = {isa = PBXBuildFile; fileRef = D6F67DFE2A053ED900C8F5DB /* ViewController.swift */; };
		D6F67E022A053ED900C8F5DB /* Main.storyboard in Resources */ = {isa = PBXBuildFile; fileRef = D6F67E002A053ED900C8F5DB /* Main.storyboard */; };
		D6F67E042A053EDB00C8F5DB /* Assets.xcassets in Resources */ = {isa = PBXBuildFile; fileRef = D6F67E032A053EDB00C8F5DB /* Assets.xcassets */; };
		D6F67E072A053EDB00C8F5DB /* LaunchScreen.storyboard in Resources */ = {isa = PBXBuildFile; fileRef = D6F67E052A053EDB00C8F5DB /* LaunchScreen.storyboard */; };
		D6F67E112A0540A600C8F5DB /* WozaiLCUser.swift in Sources */ = {isa = PBXBuildFile; fileRef = D6F67E0F2A0540A600C8F5DB /* WozaiLCUser.swift */; };
		D6F67E122A0540A600C8F5DB /* VC_TestLeanCloudOC.swift in Sources */ = {isa = PBXBuildFile; fileRef = D6F67E102A0540A600C8F5DB /* VC_TestLeanCloudOC.swift */; };
/* End PBXBuildFile section */

/* Begin PBXFileReference section */
		1DC508E886E4E15BE1B258DA /* Pods-XYZLeanCloudOCKit.debug.xcconfig */ = {isa = PBXFileReference; includeInIndex = 1; lastKnownFileType = text.xcconfig; name = "Pods-XYZLeanCloudOCKit.debug.xcconfig"; path = "Target Support Files/Pods-XYZLeanCloudOCKit/Pods-XYZLeanCloudOCKit.debug.xcconfig"; sourceTree = "<group>"; };
		8A5C0DEF7E9FA0BA722A9F99 /* Pods_XYZLeanCloudOCKit.framework */ = {isa = PBXFileReference; explicitFileType = wrapper.framework; includeInIndex = 0; path = Pods_XYZLeanCloudOCKit.framework; sourceTree = BUILT_PRODUCTS_DIR; };
		D6F67DF72A053ED900C8F5DB /* XYZLeanCloudOCKit.app */ = {isa = PBXFileReference; explicitFileType = wrapper.application; includeInIndex = 0; path = XYZLeanCloudOCKit.app; sourceTree = BUILT_PRODUCTS_DIR; };
		D6F67DFA2A053ED900C8F5DB /* AppDelegate.swift */ = {isa = PBXFileReference; lastKnownFileType = sourcecode.swift; path = AppDelegate.swift; sourceTree = "<group>"; };
		D6F67DFC2A053ED900C8F5DB /* SceneDelegate.swift */ = {isa = PBXFileReference; lastKnownFileType = sourcecode.swift; path = SceneDelegate.swift; sourceTree = "<group>"; };
		D6F67DFE2A053ED900C8F5DB /* ViewController.swift */ = {isa = PBXFileReference; lastKnownFileType = sourcecode.swift; path = ViewController.swift; sourceTree = "<group>"; };
		D6F67E012A053ED900C8F5DB /* Base */ = {isa = PBXFileReference; lastKnownFileType = file.storyboard; name = Base; path = Base.lproj/Main.storyboard; sourceTree = "<group>"; };
		D6F67E032A053EDB00C8F5DB /* Assets.xcassets */ = {isa = PBXFileReference; lastKnownFileType = folder.assetcatalog; path = Assets.xcassets; sourceTree = "<group>"; };
		D6F67E062A053EDB00C8F5DB /* Base */ = {isa = PBXFileReference; lastKnownFileType = file.storyboard; name = Base; path = Base.lproj/LaunchScreen.storyboard; sourceTree = "<group>"; };
		D6F67E082A053EDB00C8F5DB /* Info.plist */ = {isa = PBXFileReference; lastKnownFileType = text.plist.xml; path = Info.plist; sourceTree = "<group>"; };
		D6F67E0F2A0540A600C8F5DB /* WozaiLCUser.swift */ = {isa = PBXFileReference; fileEncoding = 4; lastKnownFileType = sourcecode.swift; path = WozaiLCUser.swift; sourceTree = "<group>"; };
		D6F67E102A0540A600C8F5DB /* VC_TestLeanCloudOC.swift */ = {isa = PBXFileReference; fileEncoding = 4; lastKnownFileType = sourcecode.swift; path = VC_TestLeanCloudOC.swift; sourceTree = "<group>"; };
		F90EB54C386A421A19428956 /* Pods-XYZLeanCloudOCKit.release.xcconfig */ = {isa = PBXFileReference; includeInIndex = 1; lastKnownFileType = text.xcconfig; name = "Pods-XYZLeanCloudOCKit.release.xcconfig"; path = "Target Support Files/Pods-XYZLeanCloudOCKit/Pods-XYZLeanCloudOCKit.release.xcconfig"; sourceTree = "<group>"; };
/* End PBXFileReference section */

/* Begin PBXFrameworksBuildPhase section */
		D6F67DF42A053ED900C8F5DB /* Frameworks */ = {
			isa = PBXFrameworksBuildPhase;
			buildActionMask = 2147483647;
			files = (
				790EE3ED48E7B2E80A5EB7AE /* Pods_XYZLeanCloudOCKit.framework in Frameworks */,
			);
			runOnlyForDeploymentPostprocessing = 0;
		};
/* End PBXFrameworksBuildPhase section */

/* Begin PBXGroup section */
		7A46AAAAA693E5EB5353D22D /* Pods */ = {
			isa = PBXGroup;
			children = (
				1DC508E886E4E15BE1B258DA /* Pods-XYZLeanCloudOCKit.debug.xcconfig */,
				F90EB54C386A421A19428956 /* Pods-XYZLeanCloudOCKit.release.xcconfig */,
			);
			path = Pods;
			sourceTree = "<group>";
		};
		D6F67DEE2A053ED900C8F5DB = {
			isa = PBXGroup;
			children = (
				D6F67DF92A053ED900C8F5DB /* XYZLeanCloudOCKit */,
				D6F67DF82A053ED900C8F5DB /* Products */,
				7A46AAAAA693E5EB5353D22D /* Pods */,
				D9A0D32F0F48F58BD2F44816 /* Frameworks */,
			);
			sourceTree = "<group>";
		};
		D6F67DF82A053ED900C8F5DB /* Products */ = {
			isa = PBXGroup;
			children = (
				D6F67DF72A053ED900C8F5DB /* XYZLeanCloudOCKit.app */,
			);
			name = Products;
			sourceTree = "<group>";
		};
		D6F67DF92A053ED900C8F5DB /* XYZLeanCloudOCKit */ = {
			isa = PBXGroup;
			children = (
				D6F67DFA2A053ED900C8F5DB /* AppDelegate.swift */,
				D6F67DFC2A053ED900C8F5DB /* SceneDelegate.swift */,
				D6F67DFE2A053ED900C8F5DB /* ViewController.swift */,
				D6F67E0E2A053FFE00C8F5DB /* Sources */,
				D6F67E002A053ED900C8F5DB /* Main.storyboard */,
				D6F67E032A053EDB00C8F5DB /* Assets.xcassets */,
				D6F67E052A053EDB00C8F5DB /* LaunchScreen.storyboard */,
				D6F67E082A053EDB00C8F5DB /* Info.plist */,
			);
			path = XYZLeanCloudOCKit;
			sourceTree = "<group>";
		};
		D6F67E0E2A053FFE00C8F5DB /* Sources */ = {
			isa = PBXGroup;
			children = (
				D6F67E102A0540A600C8F5DB /* VC_TestLeanCloudOC.swift */,
				D6F67E0F2A0540A600C8F5DB /* WozaiLCUser.swift */,
			);
			path = Sources;
			sourceTree = "<group>";
		};
		D9A0D32F0F48F58BD2F44816 /* Frameworks */ = {
			isa = PBXGroup;
			children = (
				8A5C0DEF7E9FA0BA722A9F99 /* Pods_XYZLeanCloudOCKit.framework */,
			);
			name = Frameworks;
			sourceTree = "<group>";
		};
/* End PBXGroup section */

/* Begin PBXNativeTarget section */
		D6F67DF62A053ED900C8F5DB /* XYZLeanCloudOCKit */ = {
			isa = PBXNativeTarget;
			buildConfigurationList = D6F67E0B2A053EDB00C8F5DB /* Build configuration list for PBXNativeTarget "XYZLeanCloudOCKit" */;
			buildPhases = (
				F5473BBA96BD590273492396 /* [CP] Check Pods Manifest.lock */,
				D6F67DF32A053ED900C8F5DB /* Sources */,
				D6F67DF42A053ED900C8F5DB /* Frameworks */,
				D6F67DF52A053ED900C8F5DB /* Resources */,
				3883049345323DC88363DCA0 /* [CP] Embed Pods Frameworks */,
			);
			buildRules = (
			);
			dependencies = (
			);
			name = XYZLeanCloudOCKit;
			productName = XYZLeanCloudOCKit;
			productReference = D6F67DF72A053ED900C8F5DB /* XYZLeanCloudOCKit.app */;
			productType = "com.apple.product-type.application";
		};
/* End PBXNativeTarget section */

/* Begin PBXProject section */
		D6F67DEF2A053ED900C8F5DB /* Project object */ = {
			isa = PBXProject;
			attributes = {
				BuildIndependentTargetsInParallel = 1;
				LastSwiftUpdateCheck = 1430;
				LastUpgradeCheck = 1430;
				TargetAttributes = {
					D6F67DF62A053ED900C8F5DB = {
						CreatedOnToolsVersion = 14.3;
					};
				};
			};
			buildConfigurationList = D6F67DF22A053ED900C8F5DB /* Build configuration list for PBXProject "XYZLeanCloudOCKit" */;
			compatibilityVersion = "Xcode 13.0";
			developmentRegion = en;
			hasScannedForEncodings = 0;
			knownRegions = (
				en,
				Base,
			);
			mainGroup = D6F67DEE2A053ED900C8F5DB;
			productRefGroup = D6F67DF82A053ED900C8F5DB /* Products */;
			projectDirPath = "";
			projectRoot = "";
			targets = (
				D6F67DF62A053ED900C8F5DB /* XYZLeanCloudOCKit */,
			);
		};
/* End PBXProject section */

/* Begin PBXResourcesBuildPhase section */
		D6F67DF52A053ED900C8F5DB /* Resources */ = {
			isa = PBXResourcesBuildPhase;
			buildActionMask = 2147483647;
			files = (
				D6F67E072A053EDB00C8F5DB /* LaunchScreen.storyboard in Resources */,
				D6F67E042A053EDB00C8F5DB /* Assets.xcassets in Resources */,
				D6F67E022A053ED900C8F5DB /* Main.storyboard in Resources */,
			);
			runOnlyForDeploymentPostprocessing = 0;
		};
/* End PBXResourcesBuildPhase section */

/* Begin PBXShellScriptBuildPhase section */
		3883049345323DC88363DCA0 /* [CP] Embed Pods Frameworks */ = {
			isa = PBXShellScriptBuildPhase;
			buildActionMask = 2147483647;
			files = (
			);
			inputFileListPaths = (
				"${PODS_ROOT}/Target Support Files/Pods-XYZLeanCloudOCKit/Pods-XYZLeanCloudOCKit-frameworks-${CONFIGURATION}-input-files.xcfilelist",
			);
			name = "[CP] Embed Pods Frameworks";
			outputFileListPaths = (
				"${PODS_ROOT}/Target Support Files/Pods-XYZLeanCloudOCKit/Pods-XYZLeanCloudOCKit-frameworks-${CONFIGURATION}-output-files.xcfilelist",
			);
			runOnlyForDeploymentPostprocessing = 0;
			shellPath = /bin/sh;
			shellScript = "\"${PODS_ROOT}/Target Support Files/Pods-XYZLeanCloudOCKit/Pods-XYZLeanCloudOCKit-frameworks.sh\"\n";
			showEnvVarsInLog = 0;
		};
		F5473BBA96BD590273492396 /* [CP] Check Pods Manifest.lock */ = {
			isa = PBXShellScriptBuildPhase;
			buildActionMask = 2147483647;
			files = (
			);
			inputFileListPaths = (
			);
			inputPaths = (
				"${PODS_PODFILE_DIR_PATH}/Podfile.lock",
				"${PODS_ROOT}/Manifest.lock",
			);
			name = "[CP] Check Pods Manifest.lock";
			outputFileListPaths = (
			);
			outputPaths = (
				"$(DERIVED_FILE_DIR)/Pods-XYZLeanCloudOCKit-checkManifestLockResult.txt",
			);
			runOnlyForDeploymentPostprocessing = 0;
			shellPath = /bin/sh;
			shellScript = "diff \"${PODS_PODFILE_DIR_PATH}/Podfile.lock\" \"${PODS_ROOT}/Manifest.lock\" > /dev/null\nif [ $? != 0 ] ; then\n    # print error to STDERR\n    echo \"error: The sandbox is not in sync with the Podfile.lock. Run 'pod install' or update your CocoaPods installation.\" >&2\n    exit 1\nfi\n# This output is used by Xcode 'outputs' to avoid re-running this script phase.\necho \"SUCCESS\" > \"${SCRIPT_OUTPUT_FILE_0}\"\n";
			showEnvVarsInLog = 0;
		};
/* End PBXShellScriptBuildPhase section */

/* Begin PBXSourcesBuildPhase section */
		D6F67DF32A053ED900C8F5DB /* Sources */ = {
			isa = PBXSourcesBuildPhase;
			buildActionMask = 2147483647;
			files = (
				D6F67E112A0540A600C8F5DB /* WozaiLCUser.swift in Sources */,
				D6F67DFF2A053ED900C8F5DB /* ViewController.swift in Sources */,
				D6F67DFB2A053ED900C8F5DB /* AppDelegate.swift in Sources */,
				D6F67E122A0540A600C8F5DB /* VC_TestLeanCloudOC.swift in Sources */,
				D6F67DFD2A053ED900C8F5DB /* SceneDelegate.swift in Sources */,
			);
			runOnlyForDeploymentPostprocessing = 0;
		};
/* End PBXSourcesBuildPhase section */

/* Begin PBXVariantGroup section */
		D6F67E002A053ED900C8F5DB /* Main.storyboard */ = {
			isa = PBXVariantGroup;
			children = (
				D6F67E012A053ED900C8F5DB /* Base */,
			);
			name = Main.storyboard;
			sourceTree = "<group>";
		};
		D6F67E052A053EDB00C8F5DB /* LaunchScreen.storyboard */ = {
			isa = PBXVariantGroup;
			children = (
				D6F67E062A053EDB00C8F5DB /* Base */,
			);
			name = LaunchScreen.storyboard;
			sourceTree = "<group>";
		};
/* End PBXVariantGroup section */

/* Begin XCBuildConfiguration section */
		D6F67E092A053EDB00C8F5DB /* Debug */ = {
			isa = XCBuildConfiguration;
			buildSettings = {
				ALWAYS_SEARCH_USER_PATHS = NO;
				CLANG_ANALYZER_NONNULL = YES;
				CLANG_ANALYZER_NUMBER_OBJECT_CONVERSION = YES_AGGRESSIVE;
				CLANG_CXX_LANGUAGE_STANDARD = "gnu++20";
				CLANG_ENABLE_MODULES = YES;
				CLANG_ENABLE_OBJC_ARC = YES;
				CLANG_ENABLE_OBJC_WEAK = YES;
				CLANG_WARN_BLOCK_CAPTURE_AUTORELEASING = YES;
				CLANG_WARN_BOOL_CONVERSION = YES;
				CLANG_WARN_COMMA = YES;
				CLANG_WARN_CONSTANT_CONVERSION = YES;
				CLANG_WARN_DEPRECATED_OBJC_IMPLEMENTATIONS = YES;
				CLANG_WARN_DIRECT_OBJC_ISA_USAGE = YES_ERROR;
				CLANG_WARN_DOCUMENTATION_COMMENTS = YES;
				CLANG_WARN_EMPTY_BODY = YES;
				CLANG_WARN_ENUM_CONVERSION = YES;
				CLANG_WARN_INFINITE_RECURSION = YES;
				CLANG_WARN_INT_CONVERSION = YES;
				CLANG_WARN_NON_LITERAL_NULL_CONVERSION = YES;
				CLANG_WARN_OBJC_IMPLICIT_RETAIN_SELF = YES;
				CLANG_WARN_OBJC_LITERAL_CONVERSION = YES;
				CLANG_WARN_OBJC_ROOT_CLASS = YES_ERROR;
				CLANG_WARN_QUOTED_INCLUDE_IN_FRAMEWORK_HEADER = YES;
				CLANG_WARN_RANGE_LOOP_ANALYSIS = YES;
				CLANG_WARN_STRICT_PROTOTYPES = YES;
				CLANG_WARN_SUSPICIOUS_MOVE = YES;
				CLANG_WARN_UNGUARDED_AVAILABILITY = YES_AGGRESSIVE;
				CLANG_WARN_UNREACHABLE_CODE = YES;
				CLANG_WARN__DUPLICATE_METHOD_MATCH = YES;
				COPY_PHASE_STRIP = NO;
				DEBUG_INFORMATION_FORMAT = dwarf;
				ENABLE_STRICT_OBJC_MSGSEND = YES;
				ENABLE_TESTABILITY = YES;
				GCC_C_LANGUAGE_STANDARD = gnu11;
				GCC_DYNAMIC_NO_PIC = NO;
				GCC_NO_COMMON_BLOCKS = YES;
				GCC_OPTIMIZATION_LEVEL = 0;
				GCC_PREPROCESSOR_DEFINITIONS = (
					"DEBUG=1",
					"$(inherited)",
				);
				GCC_WARN_64_TO_32_BIT_CONVERSION = YES;
				GCC_WARN_ABOUT_RETURN_TYPE = YES_ERROR;
				GCC_WARN_UNDECLARED_SELECTOR = YES;
				GCC_WARN_UNINITIALIZED_AUTOS = YES_AGGRESSIVE;
				GCC_WARN_UNUSED_FUNCTION = YES;
				GCC_WARN_UNUSED_VARIABLE = YES;
				IPHONEOS_DEPLOYMENT_TARGET = 14.0;
				MTL_ENABLE_DEBUG_INFO = INCLUDE_SOURCE;
				MTL_FAST_MATH = YES;
				ONLY_ACTIVE_ARCH = YES;
				SDKROOT = iphoneos;
				SWIFT_ACTIVE_COMPILATION_CONDITIONS = DEBUG;
				SWIFT_OPTIMIZATION_LEVEL = "-Onone";
			};
			name = Debug;
		};
		D6F67E0A2A053EDB00C8F5DB /* Release */ = {
			isa = XCBuildConfiguration;
			buildSettings = {
				ALWAYS_SEARCH_USER_PATHS = NO;
				CLANG_ANALYZER_NONNULL = YES;
				CLANG_ANALYZER_NUMBER_OBJECT_CONVERSION = YES_AGGRESSIVE;
				CLANG_CXX_LANGUAGE_STANDARD = "gnu++20";
				CLANG_ENABLE_MODULES = YES;
				CLANG_ENABLE_OBJC_ARC = YES;
				CLANG_ENABLE_OBJC_WEAK = YES;
				CLANG_WARN_BLOCK_CAPTURE_AUTORELEASING = YES;
				CLANG_WARN_BOOL_CONVERSION = YES;
				CLANG_WARN_COMMA = YES;
				CLANG_WARN_CONSTANT_CONVERSION = YES;
				CLANG_WARN_DEPRECATED_OBJC_IMPLEMENTATIONS = YES;
				CLANG_WARN_DIRECT_OBJC_ISA_USAGE = YES_ERROR;
				CLANG_WARN_DOCUMENTATION_COMMENTS = YES;
				CLANG_WARN_EMPTY_BODY = YES;
				CLANG_WARN_ENUM_CONVERSION = YES;
				CLANG_WARN_INFINITE_RECURSION = YES;
				CLANG_WARN_INT_CONVERSION = YES;
				CLANG_WARN_NON_LITERAL_NULL_CONVERSION = YES;
				CLANG_WARN_OBJC_IMPLICIT_RETAIN_SELF = YES;
				CLANG_WARN_OBJC_LITERAL_CONVERSION = YES;
				CLANG_WARN_OBJC_ROOT_CLASS = YES_ERROR;
				CLANG_WARN_QUOTED_INCLUDE_IN_FRAMEWORK_HEADER = YES;
				CLANG_WARN_RANGE_LOOP_ANALYSIS = YES;
				CLANG_WARN_STRICT_PROTOTYPES = YES;
				CLANG_WARN_SUSPICIOUS_MOVE = YES;
				CLANG_WARN_UNGUARDED_AVAILABILITY = YES_AGGRESSIVE;
				CLANG_WARN_UNREACHABLE_CODE = YES;
				CLANG_WARN__DUPLICATE_METHOD_MATCH = YES;
				COPY_PHASE_STRIP = NO;
				DEBUG_INFORMATION_FORMAT = "dwarf-with-dsym";
				ENABLE_NS_ASSERTIONS = NO;
				ENABLE_STRICT_OBJC_MSGSEND = YES;
				GCC_C_LANGUAGE_STANDARD = gnu11;
				GCC_NO_COMMON_BLOCKS = YES;
				GCC_WARN_64_TO_32_BIT_CONVERSION = YES;
				GCC_WARN_ABOUT_RETURN_TYPE = YES_ERROR;
				GCC_WARN_UNDECLARED_SELECTOR = YES;
				GCC_WARN_UNINITIALIZED_AUTOS = YES_AGGRESSIVE;
				GCC_WARN_UNUSED_FUNCTION = YES;
				GCC_WARN_UNUSED_VARIABLE = YES;
				IPHONEOS_DEPLOYMENT_TARGET = 14.0;
				MTL_ENABLE_DEBUG_INFO = NO;
				MTL_FAST_MATH = YES;
				SDKROOT = iphoneos;
				SWIFT_COMPILATION_MODE = wholemodule;
				SWIFT_OPTIMIZATION_LEVEL = "-O";
				VALIDATE_PRODUCT = YES;
			};
			name = Release;
		};
		D6F67E0C2A053EDB00C8F5DB /* Debug */ = {
			isa = XCBuildConfiguration;
			baseConfigurationReference = 1DC508E886E4E15BE1B258DA /* Pods-XYZLeanCloudOCKit.debug.xcconfig */;
			buildSettings = {
				ASSETCATALOG_COMPILER_APPICON_NAME = AppIcon;
				ASSETCATALOG_COMPILER_GLOBAL_ACCENT_COLOR_NAME = AccentColor;
				CODE_SIGN_STYLE = Automatic;
				CURRENT_PROJECT_VERSION = 1;
				DEVELOPMENT_TEAM = 9GZYHL8TWB;
				GENERATE_INFOPLIST_FILE = YES;
				INFOPLIST_FILE = XYZLeanCloudOCKit/Info.plist;
				INFOPLIST_KEY_UIApplicationSupportsIndirectInputEvents = YES;
				INFOPLIST_KEY_UILaunchStoryboardName = LaunchScreen;
				INFOPLIST_KEY_UIMainStoryboardFile = Main;
				INFOPLIST_KEY_UISupportedInterfaceOrientations_iPad = "UIInterfaceOrientationPortrait UIInterfaceOrientationPortraitUpsideDown UIInterfaceOrientationLandscapeLeft UIInterfaceOrientationLandscapeRight";
				INFOPLIST_KEY_UISupportedInterfaceOrientations_iPhone = "UIInterfaceOrientationPortrait UIInterfaceOrientationLandscapeLeft UIInterfaceOrientationLandscapeRight";
				IPHONEOS_DEPLOYMENT_TARGET = 14.0;
				LD_RUNPATH_SEARCH_PATHS = (
					"$(inherited)",
					"@executable_path/Frameworks",
				);
				MARKETING_VERSION = 1.0;
				PRODUCT_BUNDLE_IDENTIFIER = com.xyztech.XYZLeanCloudOCKit;
				PRODUCT_NAME = "$(TARGET_NAME)";
				SWIFT_EMIT_LOC_STRINGS = YES;
				SWIFT_VERSION = 5.0;
				TARGETED_DEVICE_FAMILY = "1,2";
			};
			name = Debug;
		};
		D6F67E0D2A053EDB00C8F5DB /* Release */ = {
			isa = XCBuildConfiguration;
			baseConfigurationReference = F90EB54C386A421A19428956 /* Pods-XYZLeanCloudOCKit.release.xcconfig */;
			buildSettings = {
				ASSETCATALOG_COMPILER_APPICON_NAME = AppIcon;
				ASSETCATALOG_COMPILER_GLOBAL_ACCENT_COLOR_NAME = AccentColor;
				CODE_SIGN_STYLE = Automatic;
				CURRENT_PROJECT_VERSION = 1;
				DEVELOPMENT_TEAM = 9GZYHL8TWB;
				GENERATE_INFOPLIST_FILE = YES;
				INFOPLIST_FILE = XYZLeanCloudOCKit/Info.plist;
				INFOPLIST_KEY_UIApplicationSupportsIndirectInputEvents = YES;
				INFOPLIST_KEY_UILaunchStoryboardName = LaunchScreen;
				INFOPLIST_KEY_UIMainStoryboardFile = Main;
				INFOPLIST_KEY_UISupportedInterfaceOrientations_iPad = "UIInterfaceOrientationPortrait UIInterfaceOrientationPortraitUpsideDown UIInterfaceOrientationLandscapeLeft UIInterfaceOrientationLandscapeRight";
				INFOPLIST_KEY_UISupportedInterfaceOrientations_iPhone = "UIInterfaceOrientationPortrait UIInterfaceOrientationLandscapeLeft UIInterfaceOrientationLandscapeRight";
				IPHONEOS_DEPLOYMENT_TARGET = 14.0;
				LD_RUNPATH_SEARCH_PATHS = (
					"$(inherited)",
					"@executable_path/Frameworks",
				);
				MARKETING_VERSION = 1.0;
				PRODUCT_BUNDLE_IDENTIFIER = com.xyztech.XYZLeanCloudOCKit;
				PRODUCT_NAME = "$(TARGET_NAME)";
				SWIFT_EMIT_LOC_STRINGS = YES;
				SWIFT_VERSION = 5.0;
				TARGETED_DEVICE_FAMILY = "1,2";
			};
			name = Release;
		};
/* End XCBuildConfiguration section */

/* Begin XCConfigurationList section */
		D6F67DF22A053ED900C8F5DB /* Build configuration list for PBXProject "XYZLeanCloudOCKit" */ = {
			isa = XCConfigurationList;
			buildConfigurations = (
				D6F67E092A053EDB00C8F5DB /* Debug */,
				D6F67E0A2A053EDB00C8F5DB /* Release */,
			);
			defaultConfigurationIsVisible = 0;
			defaultConfigurationName = Release;
		};
		D6F67E0B2A053EDB00C8F5DB /* Build configuration list for PBXNativeTarget "XYZLeanCloudOCKit" */ = {
			isa = XCConfigurationList;
			buildConfigurations = (
				D6F67E0C2A053EDB00C8F5DB /* Debug */,
				D6F67E0D2A053EDB00C8F5DB /* Release */,
			);
			defaultConfigurationIsVisible = 0;
			defaultConfigurationName = Release;
		};
/* End XCConfigurationList section */
	};
	rootObject = D6F67DEF2A053ED900C8F5DB /* Project object */;
}
